
Microsoft Visual Studio Solution File, Format Version 12.00
# Visual Studio Version 17
VisualStudioVersion = 17.5.33502.453
MinimumVisualStudioVersion = 10.0.40219.1
Project("{9A19103F-16F7-4668-BE54-9A1E7A4F7556}") = "APiCFE", "APiCFE\APiCFE.csproj", "{EDCFF7C2-B105-4804-BEB8-C8D427417AFD}"
EndProject
Project("{9A19103F-16F7-4668-BE54-9A1E7A4F7556}") = "CFE-Domain", "CFE-Domain\CFE-Domain.csproj", "{D55EEE76-14F0-4F02-B2D4-D36495AD9170}"
EndProject
Project("{2150E333-8FDC-42A3-9474-1A3956D46DE8}") = "Aplicacion", "Aplicacion", "{84914477-482E-4732-BEC7-A8FEA1F455CC}"
EndProject
Project("{2150E333-8FDC-42A3-9474-1A3956D46DE8}") = "Dominos", "Dominos", "{4D1040B0-4BB3-4B86-9015-5C4EC7B5A489}"
EndProject
Project("{2150E333-8FDC-42A3-9474-1A3956D46DE8}") = "servicios", "servicios", "{0FD1240E-336E-4D68-B58C-16542E3DADA3}"
EndProject
Project("{2150E333-8FDC-42A3-9474-1A3956D46DE8}") = "Database", "Database", "{972F37D7-1A9B-4E90-B35E-87455E99EFDA}"
EndProject
Project("{9A19103F-16F7-4668-BE54-9A1E7A4F7556}") = "CFE-Services", "CFE-Services\CFE-Services.csproj", "{0F6E2C43-73BC-418C-84A2-0A9BAFFAEEE7}"
EndProject
Project("{9A19103F-16F7-4668-BE54-9A1E7A4F7556}") = "CFE-Requets", "CFE-Requets\CFE-Requets.csproj", "{852A8245-6A3C-4B99-98F9-586A13CC0008}"
EndProject
Project("{9A19103F-16F7-4668-BE54-9A1E7A4F7556}") = "CFE-Responses", "CFE-Responses\CFE-Responses.csproj", "{F0D3B20D-EF18-4CD5-B65E-137043A9B001}"
EndProject
Project("{FAE04EC0-301F-11D3-BF4B-00C04F79EFBC}") = "CFE-Database", "CFEDataBaseContext\CFE-Database.csproj", "{0090D3EE-8E21-4F27-8539-DEF71873B5BB}"
EndProject
Global
	GlobalSection(SolutionConfigurationPlatforms) = preSolution
		Debug|Any CPU = Debug|Any CPU
		Release|Any CPU = Release|Any CPU
	EndGlobalSection
	GlobalSection(ProjectConfigurationPlatforms) = postSolution
		{EDCFF7C2-B105-4804-BEB8-C8D427417AFD}.Debug|Any CPU.ActiveCfg = Debug|Any CPU
		{EDCFF7C2-B105-4804-BEB8-C8D427417AFD}.Debug|Any CPU.Build.0 = Debug|Any CPU
		{EDCFF7C2-B105-4804-BEB8-C8D427417AFD}.Release|Any CPU.ActiveCfg = Release|Any CPU
		{EDCFF7C2-B105-4804-BEB8-C8D427417AFD}.Release|Any CPU.Build.0 = Release|Any CPU
		{D55EEE76-14F0-4F02-B2D4-D36495AD9170}.Debug|Any CPU.ActiveCfg = Debug|Any CPU
		{D55EEE76-14F0-4F02-B2D4-D36495AD9170}.Debug|Any CPU.Build.0 = Debug|Any CPU
		{D55EEE76-14F0-4F02-B2D4-D36495AD9170}.Release|Any CPU.ActiveCfg = Release|Any CPU
		{D55EEE76-14F0-4F02-B2D4-D36495AD9170}.Release|Any CPU.Build.0 = Release|Any CPU
		{0F6E2C43-73BC-418C-84A2-0A9BAFFAEEE7}.Debug|Any CPU.ActiveCfg = Debug|Any CPU
		{0F6E2C43-73BC-418C-84A2-0A9BAFFAEEE7}.Debug|Any CPU.Build.0 = Debug|Any CPU
		{0F6E2C43-73BC-418C-84A2-0A9BAFFAEEE7}.Release|Any CPU.ActiveCfg = Release|Any CPU
		{0F6E2C43-73BC-418C-84A2-0A9BAFFAEEE7}.Release|Any CPU.Build.0 = Release|Any CPU
		{852A8245-6A3C-4B99-98F9-586A13CC0008}.Debug|Any CPU.ActiveCfg = Debug|Any CPU
		{852A8245-6A3C-4B99-98F9-586A13CC0008}.Debug|Any CPU.Build.0 = Debug|Any CPU
		{852A8245-6A3C-4B99-98F9-586A13CC0008}.Release|Any CPU.ActiveCfg = Release|Any CPU
		{852A8245-6A3C-4B99-98F9-586A13CC0008}.Release|Any CPU.Build.0 = Release|Any CPU
		{F0D3B20D-EF18-4CD5-B65E-137043A9B001}.Debug|Any CPU.ActiveCfg = Debug|Any CPU
		{F0D3B20D-EF18-4CD5-B65E-137043A9B001}.Debug|Any CPU.Build.0 = Debug|Any CPU
		{F0D3B20D-EF18-4CD5-B65E-137043A9B001}.Release|Any CPU.ActiveCfg = Release|Any CPU
		{F0D3B20D-EF18-4CD5-B65E-137043A9B001}.Release|Any CPU.Build.0 = Release|Any CPU
		{0090D3EE-8E21-4F27-8539-DEF71873B5BB}.Debug|Any CPU.ActiveCfg = Debug|Any CPU
		{0090D3EE-8E21-4F27-8539-DEF71873B5BB}.Debug|Any CPU.Build.0 = Debug|Any CPU
		{0090D3EE-8E21-4F27-8539-DEF71873B5BB}.Release|Any CPU.ActiveCfg = Release|Any CPU
		{0090D3EE-8E21-4F27-8539-DEF71873B5BB}.Release|Any CPU.Build.0 = Release|Any CPU
	EndGlobalSection
	GlobalSection(SolutionProperties) = preSolution
		HideSolutionNode = FALSE
	EndGlobalSection
	GlobalSection(NestedProjects) = preSolution
		{EDCFF7C2-B105-4804-BEB8-C8D427417AFD} = {84914477-482E-4732-BEC7-A8FEA1F455CC}
		{D55EEE76-14F0-4F02-B2D4-D36495AD9170} = {4D1040B0-4BB3-4B86-9015-5C4EC7B5A489}
		{0F6E2C43-73BC-418C-84A2-0A9BAFFAEEE7} = {0FD1240E-336E-4D68-B58C-16542E3DADA3}
		{852A8245-6A3C-4B99-98F9-586A13CC0008} = {0FD1240E-336E-4D68-B58C-16542E3DADA3}
		{F0D3B20D-EF18-4CD5-B65E-137043A9B001} = {0FD1240E-336E-4D68-B58C-16542E3DADA3}
		{0090D3EE-8E21-4F27-8539-DEF71873B5BB} = {972F37D7-1A9B-4E90-B35E-87455E99EFDA}
	EndGlobalSection
	GlobalSection(ExtensibilityGlobals) = postSolution
		SolutionGuid = {E543E12A-C178-4C60-A04A-0D30858374AA}
	EndGlobalSection
EndGlobal
