
Microsoft Visual Studio Solution File, Format Version 12.00
# Visual Studio Version 17
VisualStudioVersion = 17.5.33502.453
MinimumVisualStudioVersion = 10.0.40219.1
Project("{FAE04EC0-301F-11D3-BF4B-00C04F79EFBC}") = "APiCFE", "APiCFE\APiCFE.csproj", "{EDCFF7C2-B105-4804-BEB8-C8D427417AFD}"
EndProject
Global
	GlobalSection(SolutionConfigurationPlatforms) = preSolution
		Debug|Any CPU = Debug|Any CPU
		Release|Any CPU = Release|Any CPU
	EndGlobalSection
	GlobalSection(ProjectConfigurationPlatforms) = postSolution
		{EDCFF7C2-B105-4804-BEB8-C8D427417AFD}.Debug|Any CPU.ActiveCfg = Debug|Any CPU
		{EDCFF7C2-B105-4804-BEB8-C8D427417AFD}.Debug|Any CPU.Build.0 = Debug|Any CPU
		{EDCFF7C2-B105-4804-BEB8-C8D427417AFD}.Release|Any CPU.ActiveCfg = Release|Any CPU
		{EDCFF7C2-B105-4804-BEB8-C8D427417AFD}.Release|Any CPU.Build.0 = Release|Any CPU
	EndGlobalSection
	GlobalSection(SolutionProperties) = preSolution
		HideSolutionNode = FALSE
	EndGlobalSection
	GlobalSection(ExtensibilityGlobals) = postSolution
		SolutionGuid = {E543E12A-C178-4C60-A04A-0D30858374AA}
	EndGlobalSection
EndGlobal
